PODS:
  - Capacitor (8.5.1):
    - CapacitorCordova
  - CapacitorCordova (8.5.1)
  - PurchasesHybridCommon (19.0.0):
    - RevenueCat (= 5.89.0)
  - RevenueCat (5.89.0)
  - RevenuecatPurchasesCapacitor (13.6.0):
    - Capacitor
    - PurchasesHybridCommon (= 19.0.0)

DEPENDENCIES:
  - "Capacitor (from `../../node_modules/@capacitor/ios`)"
  - "CapacitorCordova (from `../../node_modules/@capacitor/ios`)"
  - "RevenuecatPurchasesCapacitor (from `../../node_modules/@revenuecat/purchases-capacitor`)"

SPEC REPOS:
  trunk:
    - PurchasesHybridCommon
    - RevenueCat

EXTERNAL SOURCES:
  Capacitor:
    :path: "../../node_modules/@capacitor/ios"
  CapacitorCordova:
    :path: "../../node_modules/@capacitor/ios"
  RevenuecatPurchasesCapacitor:
    :path: "../../node_modules/@revenuecat/purchases-capacitor"

SPEC CHECKSUMS:
  Capacitor: 8ca6676b3b1147b00f7f3a547ccf68defd658d55
  CapacitorCordova: eb79411a3a0ed517eeb4c6dcf5933ce4bcbb5c9e
  PurchasesHybridCommon: 526db4f4895166e57ae866b3daeb0025030f84bd
  RevenueCat: 5e390c204dafb3ceeff76ade29bf295b952e6681
  RevenuecatPurchasesCapacitor: 50efeea38d9b2574333563d96235cea7c736add3

PODFILE CHECKSUM: 0f62cdad304a3c21afe0b9e53ed5b6776eba46d2

COCOAPODS: 1.17.0
